github.com/rsa17826/go-arg-lib v0.0.69 h1:G7TYCqUIw3z0QO2v5NHG4VDgY+5JR2nYInGDgxkoFdY=
github.com/rsa17826/go-arg-lib v0.0.69/go.mod h1:eP/bXinIXD6bZWBMqk9eZJfkkKUcl66j0uuz1amrsdU=
github.com/rsa17826/go-input-lib v0.0.49 h1:NZKlRDs5WUupyOxd8NrRWG/ydH+g+pnjC7MWMGRgJPY=
github.com/rsa17826/go-input-lib v0.0.49/go.mod h1:T1wppzAanzal1KNtIJpew4sIFwCtlBWegq0vDriqwC0=
github.com/rsa17826/input-manager v0.0.87 h1:GUMxqsZFXnKesP54xW21dFCkaLs1q1d1B5ORUo0EUFw=
github.com/rsa17826/input-manager v0.0.87/go.mod h1:js57PX7On+OhLIxqTa7rdLO4Mgrd1RWQpM4+UtRWX7U=
golang.org/x/sys v0.46.0 h1:noSf2Fq6F8DBgS+LysIkx7rIExoNHJsxOAtPp4rthXw=
golang.org/x/sys v0.46.0/go.mod h1:4GL1E5IUh+htKOUEOaiffhrAeqysfVGipDYzABqnCmw=
