github.com/davecgh/go-spew v1.1.0/go.mod h1:J7Y8YcW2NihsgmVo/mv3lAwl/skON4iLHjSsI+c5H38=
github.com/davecgh/go-spew v1.1.1/go.mod h1:J7Y8YcW2NihsgmVo/mv3lAwl/skON4iLHjSsI+c5H38=
github.com/esiqveland/notify v0.13.3 h1:QCMw6o1n+6rl+oLUfg8P1IIDSFsDEb2WlXvVvIJbI/o=
github.com/esiqveland/notify v0.13.3/go.mod h1:hesw/IRYTO0x99u1JPweAl4+5mwXJibQVUcP0Iu5ORE=
github.com/godbus/dbus/v5 v5.1.0/go.mod h1:xhWf0FNVPg57R7Z0UbKHbJfkEywrmjJnf7w5xrFpKfA=
github.com/godbus/dbus/v5 v5.2.2 h1:TUR3TgtSVDmjiXOgAAyaZbYmIeP3DPkld3jgKGV8mXQ=
github.com/godbus/dbus/v5 v5.2.2/go.mod h1:3AAv2+hPq5rdnr5txxxRwiGjPXamgoIHgz9FPBfOp3c=
github.com/pmezard/go-difflib v1.0.0/go.mod h1:iKH77koFhYxTK1pcRnkKkqfTogsbg7gZNVY4sRDYZ/4=
github.com/rsa17826/go-arg-lib v0.0.69 h1:G7TYCqUIw3z0QO2v5NHG4VDgY+5JR2nYInGDgxkoFdY=
github.com/rsa17826/go-arg-lib v0.0.69/go.mod h1:eP/bXinIXD6bZWBMqk9eZJfkkKUcl66j0uuz1amrsdU=
github.com/rsa17826/go-input-lib v0.0.38 h1:J0kz/Iz2dYEsELkdLs4Ag0WNghFG9n5FInJ/YEU5608=
github.com/rsa17826/go-input-lib v0.0.38/go.mod h1:T1wppzAanzal1KNtIJpew4sIFwCtlBWegq0vDriqwC0=
github.com/rsa17826/go-input-lib v0.0.39 h1:TJCHIDeFKMUtsshDxNWt9WMs+5I00qrdFkHmIW50wC0=
github.com/rsa17826/go-input-lib v0.0.39/go.mod h1:T1wppzAanzal1KNtIJpew4sIFwCtlBWegq0vDriqwC0=
github.com/rsa17826/input-manager v0.0.64 h1:RVXCLKOu1XRu2qQ25xu+im2NeevSc3zgnuJ51K/1MH8=
github.com/rsa17826/input-manager v0.0.64/go.mod h1:EhHC+4DCw50dpUY85kHXuYVcIwx0e927AYkj602t8UI=
github.com/rsa17826/input-manager v0.0.68 h1:mfsHnFhR5gVrYafJXd+CvKQ9cGYiwe3bSJarBRkuJ2E=
github.com/rsa17826/input-manager v0.0.68/go.mod h1:EhHC+4DCw50dpUY85kHXuYVcIwx0e927AYkj602t8UI=
github.com/stretchr/objx v0.1.0/go.mod h1:HFkY916IF+rwdDfMAkV7OtwuqBVzrE8GR6GFx+wExME=
github.com/stretchr/objx v0.4.0/go.mod h1:YvHI0jy2hoMjB+UWwv71VJQ9isScKT/TqJzVSSt89Yw=
github.com/stretchr/objx v0.5.0/go.mod h1:Yh+to48EsGEfYuaHDzXPcE3xhTkx73EhmCGUpEOglKo=
github.com/stretchr/testify v1.7.1/go.mod h1:6Fq8oRcR53rry900zMqJjRRixrwX3KX962/h/Wwjteg=
github.com/stretchr/testify v1.8.0/go.mod h1:yNjHg4UonilssWZ8iaSj1OCr/vHnekPRkoO+kdMU+MU=
github.com/stretchr/testify v1.8.4/go.mod h1:sz/lmYIOXD/1dqDmKjjqLyZ2RngseejIcXlSw2iwfAo=
golang.org/x/sys v0.46.0 h1:noSf2Fq6F8DBgS+LysIkx7rIExoNHJsxOAtPp4rthXw=
golang.org/x/sys v0.46.0/go.mod h1:4GL1E5IUh+htKOUEOaiffhrAeqysfVGipDYzABqnCmw=
gopkg.in/check.v1 v0.0.0-20161208181325-20d25e280405/go.mod h1:Co6ibVJAznAaIkqp8huTwlJQCZ016jof/cbN4VW5Yz0=
gopkg.in/yaml.v3 v3.0.0-20200313102051-9f266ea9e77c/go.mod h1:K4uyk7z7BCEPqu6E+C64Yfv1cQ7kz7rIZviUmN+EgEM=
gopkg.in/yaml.v3 v3.0.1/go.mod h1:K4uyk7z7BCEPqu6E+C64Yfv1cQ7kz7rIZviUmN+EgEM=
